<?xml version="1.0" encoding="utf-8"?>
<Project ToolsVersion="4.0" xmlns="http://schemas.microsoft.com/developer/msbuild/2003">
  <ItemGroup>
    <Filter Include="Source Files">
      <UniqueIdentifier>{4FC737F1-C7A5-4376-A066-2A32D752A2FF}</UniqueIdentifier>
      <Extensions>cpp;c;cc;cxx;c++;cppm;ixx;def;odl;idl;hpj;bat;asm;asmx</Extensions>
    </Filter>
    <Filter Include="Header Files">
      <UniqueIdentifier>{93995380-89BD-4b04-88EB-625FBE52EBFB}</UniqueIdentifier>
      <Extensions>h;hh;hpp;hxx;h++;hm;inl;inc;ipp;xsd</Extensions>
    </Filter>
    <Filter Include="Resource Files">
      <UniqueIdentifier>{67DA6AB6-F800-4c08-8B7A-83BB121AAD01}</UniqueIdentifier>
      <Extensions>rc;ico;cur;bmp;dlg;rc2;rct;bin;rgs;gif;jpg;jpeg;jpe;resx;tiff;tif;png;wav;mfcribbon-ms</Extensions>
    </Filter>
    <Filter Include="Header Files\Commands">
      <UniqueIdentifier>{9a4b1a6e-0038-4d1c-8f43-57910d9d5f02}</UniqueIdentifier>
    </Filter>
    <Filter Include="Header Files\Entitites">
      <UniqueIdentifier>{7d7e9ba2-0394-475b-8e40-c5670513c883}</UniqueIdentifier>
    </Filter>
    <Filter Include="Header Files\Utills">
      <UniqueIdentifier>{a50dc0c0-293f-49f9-ba3c-df53c12ced0f}</UniqueIdentifier>
    </Filter>
    <Filter Include="Header Files\Repositories">
      <UniqueIdentifier>{29468d83-115e-44d3-8040-1225411c6306}</UniqueIdentifier>
    </Filter>
    <Filter Include="Source Files\Commands">
      <UniqueIdentifier>{bfabe4ad-0aae-4158-88b2-f73dcc414fa7}</UniqueIdentifier>
    </Filter>
    <Filter Include="Source Files\Repositories">
      <UniqueIdentifier>{5d88c7ef-29ff-42bf-9f8b-b556c67413b2}</UniqueIdentifier>
    </Filter>
    <Filter Include="Source Files\Entities">
      <UniqueIdentifier>{da36edfa-57d4-4e68-9a98-bd29fce94ea7}</UniqueIdentifier>
    </Filter>
    <Filter Include="Source Files\Utills">
      <UniqueIdentifier>{dac59ae1-5177-4638-b4e7-dd2b4c8a16d7}</UniqueIdentifier>
    </Filter>
  </ItemGroup>
  <ItemGroup>
    <ClCompile Include="SourceFiles\CourseManagementSystem.cpp">
      <Filter>Source Files</Filter>
    </ClCompile>
    <ClCompile Include="SourceFiles\Commands\AddStudent.cpp">
      <Filter>Source Files\Commands</Filter>
    </ClCompile>
    <ClCompile Include="SourceFiles\Commands\AddToCourse.cpp">
      <Filter>Source Files\Commands</Filter>
    </ClCompile>
    <ClCompile Include="SourceFiles\Commands\AddTutor.cpp">
      <Filter>Source Files\Commands</Filter>
    </ClCompile>
    <ClCompile Include="SourceFiles\Entities\Admin.cpp">
      <Filter>Source Files\Entities</Filter>
    </ClCompile>
    <ClCompile Include="SourceFiles\Commands\AssignHomework.cpp">
      <Filter>Source Files\Commands</Filter>
    </ClCompile>
    <ClCompile Include="SourceFiles\Entities\Assignment.cpp">
      <Filter>Source Files\Entities</Filter>
    </ClCompile>
    <ClCompile Include="SourceFiles\Commands\ChangePassword.cpp">
      <Filter>Source Files\Commands</Filter>
    </ClCompile>
    <ClCompile Include="SourceFiles\Commands\ClearMailBox.cpp">
      <Filter>Source Files\Commands</Filter>
    </ClCompile>
    <ClCompile Include="SourceFiles\Commands\Command.cpp">
      <Filter>Source Files\Commands</Filter>
    </ClCompile>
    <ClCompile Include="SourceFiles\Commands\CommandFactory.cpp">
      <Filter>Source Files\Commands</Filter>
    </ClCompile>
    <ClCompile Include="SourceFiles\Entities\Course.cpp">
      <Filter>Source Files\Entities</Filter>
    </ClCompile>
    <ClCompile Include="SourceFiles\Repositories\CourseRepository.cpp">
      <Filter>Source Files\Repositories</Filter>
    </ClCompile>
    <ClCompile Include="SourceFiles\Commands\CreateCourse.cpp">
      <Filter>Source Files\Commands</Filter>
    </ClCompile>
    <ClCompile Include="SourceFiles\Commands\Enroll.cpp">
      <Filter>Source Files\Commands</Filter>
    </ClCompile>
    <ClCompile Include="SourceFiles\Commands\GetMailBox.cpp">
      <Filter>Source Files\Commands</Filter>
    </ClCompile>
    <ClCompile Include="SourceFiles\Commands\GradeAssignment.cpp">
      <Filter>Source Files\Commands</Filter>
    </ClCompile>
    <ClCompile Include="SourceFiles\Commands\InvalidCommand.cpp">
      <Filter>Source Files\Commands</Filter>
    </ClCompile>
    <ClCompile Include="SourceFiles\Commands\Login.cpp">
      <Filter>Source Files\Commands</Filter>
    </ClCompile>
    <ClCompile Include="SourceFiles\Commands\Logout.cpp">
      <Filter>Source Files\Commands</Filter>
    </ClCompile>
    <ClCompile Include="SourceFiles\Entities\Message.cpp">
      <Filter>Source Files\Repositories</Filter>
    </ClCompile>
    <ClCompile Include="SourceFiles\Commands\MessageAll.cpp">
      <Filter>Source Files\Commands</Filter>
    </ClCompile>
    <ClCompile Include="SourceFiles\Commands\MessageStudents.cpp">
      <Filter>Source Files\Commands</Filter>
    </ClCompile>
    <ClCompile Include="SourceFiles\Commands\MessageUser.cpp">
      <Filter>Source Files\Commands</Filter>
    </ClCompile>
    <ClCompile Include="SourceFiles\Utills\MyString.cpp">
      <Filter>Source Files\Utills</Filter>
    </ClCompile>
    <ClCompile Include="SourceFiles\Commands\PrintStudentGrades.cpp">
      <Filter>Source Files\Commands</Filter>
    </ClCompile>
    <ClCompile Include="SourceFiles\Utills\SerializeFunctions.cpp">
      <Filter>Source Files\Utills</Filter>
    </ClCompile>
    <ClCompile Include="SourceFiles\Entities\Student.cpp">
      <Filter>Source Files\Entities</Filter>
    </ClCompile>
    <ClCompile Include="SourceFiles\Commands\SumbitAssignment.cpp">
      <Filter>Source Files\Commands</Filter>
    </ClCompile>
    <ClCompile Include="SourceFiles\Entities\Tutor.cpp">
      <Filter>Source Files\Commands</Filter>
    </ClCompile>
    <ClCompile Include="SourceFiles\Entities\User.cpp">
      <Filter>Source Files\Commands</Filter>
    </ClCompile>
    <ClCompile Include="SourceFiles\Entities\UserInbox.cpp">
      <Filter>Source Files\Commands</Filter>
    </ClCompile>
    <ClCompile Include="SourceFiles\Repositories\UserRepository.cpp">
      <Filter>Source Files\Repositories</Filter>
    </ClCompile>
    <ClCompile Include="SourceFiles\Commands\ViewAssignmentSubmissions.cpp">
      <Filter>Source Files\Commands</Filter>
    </ClCompile>
    <ClCompile Include="SourceFiles\Main.cpp">
      <Filter>Source Files</Filter>
    </ClCompile>
  </ItemGroup>
  <ItemGroup>
    <ClInclude Include="Headers\CourseManagementSystem.h">
      <Filter>Header Files</Filter>
    </ClInclude>
    <ClInclude Include="Headers\Commands\AddStudent.h">
      <Filter>Header Files\Commands</Filter>
    </ClInclude>
    <ClInclude Include="Headers\Commands\AddToCourse.h">
      <Filter>Header Files\Commands</Filter>
    </ClInclude>
    <ClInclude Include="Headers\Commands\AddTutor.h">
      <Filter>Header Files\Commands</Filter>
    </ClInclude>
    <ClInclude Include="Headers\Entities\Admin.h">
      <Filter>Header Files\Entitites</Filter>
    </ClInclude>
    <ClInclude Include="Headers\Commands\AssignHomework.h">
      <Filter>Header Files\Commands</Filter>
    </ClInclude>
    <ClInclude Include="Headers\Entities\Assignment.h">
      <Filter>Header Files\Entitites</Filter>
    </ClInclude>
    <ClInclude Include="Headers\Commands\ChangePassword.h">
      <Filter>Header Files\Commands</Filter>
    </ClInclude>
    <ClInclude Include="Headers\Commands\ClearMailBox.h">
      <Filter>Header Files\Commands</Filter>
    </ClInclude>
    <ClInclude Include="Headers\Commands\Command.h">
      <Filter>Header Files\Commands</Filter>
    </ClInclude>
    <ClInclude Include="Headers\Commands\CommandFactory.h">
      <Filter>Header Files\Commands</Filter>
    </ClInclude>
    <ClInclude Include="Headers\Entities\Course.h">
      <Filter>Header Files\Entitites</Filter>
    </ClInclude>
    <ClInclude Include="Headers\Repositories\CourseRepository.h">
      <Filter>Header Files\Repositories</Filter>
    </ClInclude>
    <ClInclude Include="Headers\Commands\CreateCourse.h">
      <Filter>Header Files\Commands</Filter>
    </ClInclude>
    <ClInclude Include="Headers\Commands\Enroll.h">
      <Filter>Header Files\Commands</Filter>
    </ClInclude>
    <ClInclude Include="Headers\Commands\GetMailBox.h">
      <Filter>Header Files\Commands</Filter>
    </ClInclude>
    <ClInclude Include="Headers\Commands\GradeAssignment.h">
      <Filter>Header Files\Commands</Filter>
    </ClInclude>
    <ClInclude Include="Headers\Utills\HeterogeneousContainer.hpp">
      <Filter>Header Files\Utills</Filter>
    </ClInclude>
    <ClInclude Include="Headers\Commands\InvalidCommand.h">
      <Filter>Header Files\Commands</Filter>
    </ClInclude>
    <ClInclude Include="Headers\Commands\Login.h">
      <Filter>Header Files\Commands</Filter>
    </ClInclude>
    <ClInclude Include="Headers\Commands\Logout.h">
      <Filter>Header Files\Commands</Filter>
    </ClInclude>
    <ClInclude Include="Headers\Entities\Message.h">
      <Filter>Header Files\Entitites</Filter>
    </ClInclude>
    <ClInclude Include="Headers\Commands\MessageAll.h">
      <Filter>Header Files\Commands</Filter>
    </ClInclude>
    <ClInclude Include="Headers\Commands\MessageStudents.h">
      <Filter>Header Files\Commands</Filter>
    </ClInclude>
    <ClInclude Include="Headers\Commands\MessageUser.h">
      <Filter>Header Files\Commands</Filter>
    </ClInclude>
    <ClInclude Include="Headers\Utills\MyString.h">
      <Filter>Header Files\Utills</Filter>
    </ClInclude>
    <ClInclude Include="Headers\Utills\MyVector.hpp">
      <Filter>Header Files\Utills</Filter>
    </ClInclude>
    <ClInclude Include="Headers\Commands\PrintStudentGrades.h">
      <Filter>Header Files\Commands</Filter>
    </ClInclude>
    <ClInclude Include="Headers\Entities\Tutor.h">
      <Filter>Header Files\Entitites</Filter>
    </ClInclude>
    <ClInclude Include="Headers\Entities\User.h">
      <Filter>Header Files\Entitites</Filter>
    </ClInclude>
    <ClInclude Include="Headers\Entities\UserInbox.h">
      <Filter>Header Files\Entitites</Filter>
    </ClInclude>
    <ClInclude Include="Headers\Entities\Student.h">
      <Filter>Header Files\Entitites</Filter>
    </ClInclude>
    <ClInclude Include="Headers\Utills\SerializeFunctions.h">
      <Filter>Header Files\Utills</Filter>
    </ClInclude>
    <ClInclude Include="Headers\Repositories\UserRepository.h">
      <Filter>Header Files\Repositories</Filter>
    </ClInclude>
    <ClInclude Include="Headers\Commands\SubmitAssignment.h">
      <Filter>Header Files\Commands</Filter>
    </ClInclude>
    <ClInclude Include="Headers\Commands\ViewAssignmentSubmissions.h">
      <Filter>Header Files\Commands</Filter>
    </ClInclude>
  </ItemGroup>
</Project>